
Microsoft Visual Studio Solution File, Format Version 12.00
# Visual Studio 2013
VisualStudioVersion = 12.0.40629.0
MinimumVisualStudioVersion = 10.0.40219.1
Project("{2150E333-8FDC-42A3-9474-1A3956D46DE8}") = "Samples", "Samples", "{13C6ACFA-EB15-42C9-9C5E-0B2FE67278AA}"
EndProject
Project("{FAE04EC0-301F-11D3-BF4B-00C04F79EFBC}") = "Logga", "Logga.Core\Logga.csproj", "{9261AB89-07CF-4EE3-8A86-19095F244665}"
	ProjectSection(ProjectDependencies) = postProject
		{FB392211-BD34-4CCB-AB67-FC12A077D73D} = {FB392211-BD34-4CCB-AB67-FC12A077D73D}
	EndProjectSection
EndProject
Project("{FAE04EC0-301F-11D3-BF4B-00C04F79EFBC}") = "Logga.Data.SqlServer", "Logga.Data.SqlServer\Logga.Data.SqlServer.csproj", "{B884DAD5-1752-4A10-8500-27914DB6FA4F}"
	ProjectSection(ProjectDependencies) = postProject
		{FB392211-BD34-4CCB-AB67-FC12A077D73D} = {FB392211-BD34-4CCB-AB67-FC12A077D73D}
	EndProjectSection
EndProject
Project("{2150E333-8FDC-42A3-9474-1A3956D46DE8}") = ".nuget", ".nuget", "{3C4F605C-921A-4658-8075-37788370E574}"
	ProjectSection(SolutionItems) = preProject
		.nuget\NuGet.Config = .nuget\NuGet.Config
		.nuget\NuGet.exe = .nuget\NuGet.exe
		.nuget\NuGet.targets = .nuget\NuGet.targets
	EndProjectSection
EndProject
Project("{FAE04EC0-301F-11D3-BF4B-00C04F79EFBC}") = "LoggaSample.Api", "Samples\LoggaSample.Api\LoggaSample.Api.csproj", "{01A8EB9C-0CF7-4EAE-B095-677C15C019BC}"
EndProject
Project("{2150E333-8FDC-42A3-9474-1A3956D46DE8}") = "Solution Items", "Solution Items", "{75E97A86-B3CE-48AC-B284-DCDD8F38D6C8}"
	ProjectSection(SolutionItems) = preProject
		License.txt = License.txt
		README.md = README.md
	EndProjectSection
EndProject
Project("{FAE04EC0-301F-11D3-BF4B-00C04F79EFBC}") = "LoggaSample.Mvc", "Samples\LoggaSample.Mvc\LoggaSample.Mvc.csproj", "{DCF47DC3-066F-4AC6-B49A-522711AC76A9}"
EndProject
Project("{FAE04EC0-301F-11D3-BF4B-00C04F79EFBC}") = "Logga.Data", "Logga.Data\Logga.Data.csproj", "{FB392211-BD34-4CCB-AB67-FC12A077D73D}"
EndProject
Global
	GlobalSection(SolutionConfigurationPlatforms) = preSolution
		Debug|Any CPU = Debug|Any CPU
		Release|Any CPU = Release|Any CPU
	EndGlobalSection
	GlobalSection(ProjectConfigurationPlatforms) = postSolution
		{9261AB89-07CF-4EE3-8A86-19095F244665}.Debug|Any CPU.ActiveCfg = Debug|Any CPU
		{9261AB89-07CF-4EE3-8A86-19095F244665}.Debug|Any CPU.Build.0 = Debug|Any CPU
		{9261AB89-07CF-4EE3-8A86-19095F244665}.Release|Any CPU.ActiveCfg = Release|Any CPU
		{9261AB89-07CF-4EE3-8A86-19095F244665}.Release|Any CPU.Build.0 = Release|Any CPU
		{B884DAD5-1752-4A10-8500-27914DB6FA4F}.Debug|Any CPU.ActiveCfg = Debug|Any CPU
		{B884DAD5-1752-4A10-8500-27914DB6FA4F}.Debug|Any CPU.Build.0 = Debug|Any CPU
		{B884DAD5-1752-4A10-8500-27914DB6FA4F}.Release|Any CPU.ActiveCfg = Release|Any CPU
		{B884DAD5-1752-4A10-8500-27914DB6FA4F}.Release|Any CPU.Build.0 = Release|Any CPU
		{01A8EB9C-0CF7-4EAE-B095-677C15C019BC}.Debug|Any CPU.ActiveCfg = Debug|Any CPU
		{01A8EB9C-0CF7-4EAE-B095-677C15C019BC}.Debug|Any CPU.Build.0 = Debug|Any CPU
		{01A8EB9C-0CF7-4EAE-B095-677C15C019BC}.Release|Any CPU.ActiveCfg = Release|Any CPU
		{01A8EB9C-0CF7-4EAE-B095-677C15C019BC}.Release|Any CPU.Build.0 = Release|Any CPU
		{DCF47DC3-066F-4AC6-B49A-522711AC76A9}.Debug|Any CPU.ActiveCfg = Debug|Any CPU
		{DCF47DC3-066F-4AC6-B49A-522711AC76A9}.Debug|Any CPU.Build.0 = Debug|Any CPU
		{DCF47DC3-066F-4AC6-B49A-522711AC76A9}.Release|Any CPU.ActiveCfg = Release|Any CPU
		{DCF47DC3-066F-4AC6-B49A-522711AC76A9}.Release|Any CPU.Build.0 = Release|Any CPU
		{FB392211-BD34-4CCB-AB67-FC12A077D73D}.Debug|Any CPU.ActiveCfg = Debug|Any CPU
		{FB392211-BD34-4CCB-AB67-FC12A077D73D}.Debug|Any CPU.Build.0 = Debug|Any CPU
		{FB392211-BD34-4CCB-AB67-FC12A077D73D}.Release|Any CPU.ActiveCfg = Release|Any CPU
		{FB392211-BD34-4CCB-AB67-FC12A077D73D}.Release|Any CPU.Build.0 = Release|Any CPU
	EndGlobalSection
	GlobalSection(SolutionProperties) = preSolution
		HideSolutionNode = FALSE
	EndGlobalSection
	GlobalSection(NestedProjects) = preSolution
		{01A8EB9C-0CF7-4EAE-B095-677C15C019BC} = {13C6ACFA-EB15-42C9-9C5E-0B2FE67278AA}
		{DCF47DC3-066F-4AC6-B49A-522711AC76A9} = {13C6ACFA-EB15-42C9-9C5E-0B2FE67278AA}
	EndGlobalSection
EndGlobal
